PODS:
  - Alamofire (5.6.2)
  - Declayout (1.3.0)
  - Realm (10.29.0):
    - Realm/Headers (= 10.29.0)
  - Realm/Headers (10.29.0)
  - RealmSwift (10.29.0):
    - Realm (= 10.29.0)
  - SwiftLint (0.49.1)
  - Toast-Swift (5.0.1)

DEPENDENCIES:
  - Alamofire
  - Declayout
  - RealmSwift (~> 10)
  - SwiftLint
  - Toast-Swift (~> 5.0.1)

SPEC REPOS:
  trunk:
    - Alamofire
    - Declayout
    - Realm
    - RealmSwift
    - SwiftLint
    - Toast-Swift

SPEC CHECKSUMS:
  Alamofire: d368e1ff8a298e6dde360e35a3e68e6c610e7204
  Declayout: 24426cdeace1f83c25d1fc816dddffd49444e8f5
  Realm: 5596770daeff1ad76c8eb10d5947dc10472da779
  RealmSwift: 35d8d318b7e5a8dbc7096c2a243184e4d19abcc0
  SwiftLint: 32ee33ded0636d0905ef6911b2b67bbaeeedafa5
  Toast-Swift: 9b6a70f28b3bf0b96c40d46c0c4b9d6639846711

PODFILE CHECKSUM: 95e89879de27c5fc1b23dd09cb1f89855463b9fa

COCOAPODS: 1.11.3
